{
  "requires": true,
  "lockfileVersion": 1,
  "dependencies": {
    "ng-keyboard-shortcuts": {
      "version": "8.0.0",
      "resolved": "https://registry.npmjs.org/ng-keyboard-shortcuts/-/ng-keyboard-shortcuts-8.0.0.tgz",
      "integrity": "sha512-bsyfhNrQ9t8csdS+aytT3IuHuXBbUBCiuRKp7eAx3h16ZjqGoi4/mhnx/WwnNFRdQfOn1wZp1pkB34uMIyI3wA==",
      "requires": {
        "tslib": "^1.9.0"
      }
    },
    "tslib": {
      "version": "1.10.0",
      "resolved": "https://registry.npmjs.org/tslib/-/tslib-1.10.0.tgz",
      "integrity": "sha512-qOebF53frne81cf0S9B41ByenJ3/IuH8yJKngAX35CmiZySA0khhkovshKK+jGCaMnVomla7gVlIcc3EvKPbTQ=="
    }
  }
}
