
Microsoft Visual Studio Solution File, Format Version 12.00
# Visual Studio 15
VisualStudioVersion = 15.0.27130.2036
MinimumVisualStudioVersion = 10.0.40219.1
Project("{FAE04EC0-301F-11D3-BF4B-00C04F79EFBC}") = "JournalBackend", "JournalBackend\JournalBackend.csproj", "{E58D2D4B-549B-4874-BFC3-62003D845210}"
EndProject
Global
	GlobalSection(SolutionConfigurationPlatforms) = preSolution
		Debug|Any CPU = Debug|Any CPU
		Release|Any CPU = Release|Any CPU
	EndGlobalSection
	GlobalSection(ProjectConfigurationPlatforms) = postSolution
		{E58D2D4B-549B-4874-BFC3-62003D845210}.Debug|Any CPU.ActiveCfg = Debug|Any CPU
		{E58D2D4B-549B-4874-BFC3-62003D845210}.Debug|Any CPU.Build.0 = Debug|Any CPU
		{E58D2D4B-549B-4874-BFC3-62003D845210}.Release|Any CPU.ActiveCfg = Release|Any CPU
		{E58D2D4B-549B-4874-BFC3-62003D845210}.Release|Any CPU.Build.0 = Release|Any CPU
	EndGlobalSection
	GlobalSection(SolutionProperties) = preSolution
		HideSolutionNode = FALSE
	EndGlobalSection
	GlobalSection(ExtensibilityGlobals) = postSolution
		SolutionGuid = {C7E2C521-2CF3-49CB-928A-29686BA5188E}
	EndGlobalSection
EndGlobal
